<?xml version="1.0" encoding="UTF-8"?>
<CONFIG>
  <ProjectOptions>
    <Version Value="9"/>
    <General>
      <MainUnit Value="0"/>
      <Title Value="Tubes2 Open edition"/>
      <UseAppBundle Value="False"/>
      <UseXPManifest Value="True"/>
      <Icon Value="0"/>
      <ActiveWindowIndexAtStart Value="0"/>
    </General>
    <i18n>
      <EnableI18N Value="True"/>
      <OutDir Value="languages"/>
    </i18n>
    <VersionInfo>
      <UseVersionInfo Value="True"/>
      <MajorVersionNr Value="2"/>
      <MinorVersionNr Value="2"/>
      <StringTable CompanyName="Pozsár Zsolt" FileDescription="Electrontube catalogue" LegalCopyright="(C)2008-2017 Pozsár Zsolt" ProductName="Tubes2 Open edition" ProductVersion="2.2"/>
    </VersionInfo>
    <BuildModes Count="1">
      <Item1 Name="default" Default="True"/>
    </BuildModes>
    <PublishOptions>
      <Version Value="2"/>
      <IgnoreBinaries Value="False"/>
      <IncludeFileFilter Value="*.(pas|pp|inc|lfm|lpr|lrs|lpi|lpk|sh|xml)"/>
      <ExcludeFileFilter Value="*.(bak|ppu|ppw|o|so);*~;backup"/>
    </PublishOptions>
    <RunParams>
      <local>
        <FormatVersion Value="1"/>
        <LaunchingApplication PathPlusParams="/usr/X11R6/bin/xterm -T 'Lazarus Run Output' -e $(LazarusDir)/tools/runwait.sh $(TargetCmdLine)"/>
      </local>
    </RunParams>
    <RequiredPackages Count="4">
      <Item1>
        <PackageName Value="Printer4Lazarus"/>
      </Item1>
      <Item2>
        <PackageName Value="SynEdit"/>
        <MinVersion Major="1" Valid="True"/>
      </Item2>
      <Item3>
        <PackageName Value="LCL"/>
      </Item3>
      <Item4>
        <PackageName Value="FCL"/>
        <MinVersion Major="1" Valid="True"/>
      </Item4>
    </RequiredPackages>
    <Units Count="20">
      <Unit0>
        <Filename Value="tubes2oe.lpr"/>
        <IsPartOfProject Value="True"/>
        <UnitName Value="tubes2oe"/>
        <EditorIndex Value="0"/>
        <WindowIndex Value="0"/>
        <TopLine Value="1"/>
        <CursorPos X="1" Y="7"/>
        <UsageCount Value="200"/>
        <Loaded Value="True"/>
        <LoadedDesigner Value="True"/>
      </Unit0>
      <Unit1>
        <Filename Value="frmmain.pas"/>
        <IsPartOfProject Value="True"/>
        <ComponentName Value="Form1"/>
        <HasResources Value="True"/>
        <ResourceBaseClass Value="Form"/>
        <UnitName Value="frmmain"/>
        <IsVisibleTab Value="True"/>
        <EditorIndex Value="4"/>
        <WindowIndex Value="0"/>
        <TopLine Value="1"/>
        <CursorPos X="1" Y="7"/>
        <UsageCount Value="200"/>
        <Loaded Value="True"/>
        <LoadedDesigner Value="True"/>
      </Unit1>
      <Unit2>
        <Filename Value="frmabout.pas"/>
        <IsPartOfProject Value="True"/>
        <ComponentName Value="Form2"/>
        <HasResources Value="True"/>
        <ResourceBaseClass Value="Form"/>
        <UnitName Value="frmabout"/>
        <EditorIndex Value="1"/>
        <WindowIndex Value="0"/>
        <TopLine Value="1"/>
        <CursorPos X="1" Y="7"/>
        <UsageCount Value="200"/>
        <Loaded Value="True"/>
        <LoadedDesigner Value="True"/>
      </Unit2>
      <Unit3>
        <Filename Value="frmhelptext.pas"/>
        <ComponentName Value="Form3"/>
        <UnitName Value="frmhelptext"/>
        <TopLine Value="17"/>
        <CursorPos X="26" Y="17"/>
        <UsageCount Value="1"/>
      </Unit3>
      <Unit4>
        <Filename Value="frmhelppic.pas"/>
        <ComponentName Value="Form4"/>
        <HasResources Value="True"/>
        <ResourceBaseClass Value="Form"/>
        <UnitName Value="frmhelppic"/>
        <TopLine Value="1"/>
        <CursorPos X="1" Y="4"/>
        <UsageCount Value="196"/>
      </Unit4>
      <Unit5>
        <Filename Value="frmsort.pas"/>
        <IsPartOfProject Value="True"/>
        <ComponentName Value="Form5"/>
        <HasResources Value="True"/>
        <ResourceBaseClass Value="Form"/>
        <UnitName Value="frmsort"/>
        <WindowIndex Value="0"/>
        <TopLine Value="1"/>
        <CursorPos X="1" Y="7"/>
        <UsageCount Value="306"/>
      </Unit5>
      <Unit6>
        <Filename Value="frmupgrade.pas"/>
        <IsPartOfProject Value="True"/>
        <ComponentName Value="Form6"/>
        <HasResources Value="True"/>
        <ResourceBaseClass Value="Form"/>
        <UnitName Value="frmupgrade"/>
        <EditorIndex Value="9"/>
        <WindowIndex Value="0"/>
        <TopLine Value="1"/>
        <CursorPos X="1" Y="22"/>
        <UsageCount Value="326"/>
        <Loaded Value="True"/>
        <LoadedDesigner Value="True"/>
      </Unit6>
      <Unit7>
        <Filename Value="strconv.pas"/>
        <UnitName Value="strconv"/>
        <TopLine Value="1"/>
        <CursorPos X="1" Y="4"/>
        <UsageCount Value="49"/>
      </Unit7>
      <Unit8>
        <Filename Value="frmparsearch.pas"/>
        <IsPartOfProject Value="True"/>
        <ComponentName Value="Form3"/>
        <HasResources Value="True"/>
        <ResourceBaseClass Value="Form"/>
        <UnitName Value="frmparsearch"/>
        <EditorIndex Value="5"/>
        <WindowIndex Value="0"/>
        <TopLine Value="1"/>
        <CursorPos X="1" Y="22"/>
        <UsageCount Value="200"/>
        <Loaded Value="True"/>
        <LoadedDesigner Value="True"/>
      </Unit8>
      <Unit9>
        <Filename Value="frmconfig.pas"/>
        <IsPartOfProject Value="True"/>
        <ComponentName Value="Form7"/>
        <HasResources Value="True"/>
        <ResourceBaseClass Value="Form"/>
        <UnitName Value="frmconfig"/>
        <EditorIndex Value="2"/>
        <WindowIndex Value="0"/>
        <TopLine Value="1"/>
        <CursorPos X="1" Y="7"/>
        <UsageCount Value="200"/>
        <Loaded Value="True"/>
        <LoadedDesigner Value="True"/>
      </Unit9>
      <Unit10>
        <Filename Value="frmtextview.pas"/>
        <IsPartOfProject Value="True"/>
        <ComponentName Value="Form8"/>
        <HasResources Value="True"/>
        <ResourceBaseClass Value="Form"/>
        <UnitName Value="frmtextview"/>
        <EditorIndex Value="8"/>
        <WindowIndex Value="0"/>
        <TopLine Value="1"/>
        <CursorPos X="1" Y="22"/>
        <UsageCount Value="159"/>
        <Loaded Value="True"/>
        <LoadedDesigner Value="True"/>
      </Unit10>
      <Unit11>
        <Filename Value="frmprogressbar.pas"/>
        <IsPartOfProject Value="True"/>
        <ComponentName Value="Form9"/>
        <HasResources Value="True"/>
        <ResourceBaseClass Value="Form"/>
        <UnitName Value="frmprogressbar"/>
        <EditorIndex Value="6"/>
        <WindowIndex Value="0"/>
        <TopLine Value="1"/>
        <CursorPos X="1" Y="22"/>
        <UsageCount Value="125"/>
        <Loaded Value="True"/>
        <LoadedDesigner Value="True"/>
      </Unit11>
      <Unit12>
        <Filename Value="unttranslator.pas"/>
        <UnitName Value="unttranslator"/>
        <WindowIndex Value="0"/>
        <TopLine Value="1"/>
        <CursorPos X="1" Y="1"/>
        <UsageCount Value="9"/>
      </Unit12>
      <Unit13>
        <Filename Value="untstrconv.pas"/>
        <UnitName Value="untstrconv"/>
        <EditorIndex Value="10"/>
        <WindowIndex Value="0"/>
        <TopLine Value="1"/>
        <CursorPos X="1" Y="7"/>
        <UsageCount Value="46"/>
        <Loaded Value="True"/>
      </Unit13>
      <Unit14>
        <Filename Value="config.inc"/>
        <WindowIndex Value="0"/>
        <TopLine Value="26"/>
        <CursorPos X="23" Y="40"/>
        <UsageCount Value="17"/>
      </Unit14>
      <Unit15>
        <Filename Value="frmtester.pas"/>
        <ComponentName Value="Form4"/>
        <HasResources Value="True"/>
        <ResourceBaseClass Value="Form"/>
        <UnitName Value="frmtester"/>
        <WindowIndex Value="0"/>
        <TopLine Value="1"/>
        <CursorPos X="1" Y="54"/>
        <UsageCount Value="33"/>
      </Unit15>
      <Unit16>
        <Filename Value="frmdrawer.pas"/>
        <IsPartOfProject Value="True"/>
        <ComponentName Value="Form10"/>
        <HasResources Value="True"/>
        <ResourceBaseClass Value="Form"/>
        <UnitName Value="frmdrawer"/>
        <EditorIndex Value="3"/>
        <WindowIndex Value="0"/>
        <TopLine Value="1"/>
        <CursorPos X="1" Y="7"/>
        <UsageCount Value="74"/>
        <Loaded Value="True"/>
        <LoadedDesigner Value="True"/>
      </Unit16>
      <Unit17>
        <Filename Value="frmsubst.pas"/>
        <IsPartOfProject Value="True"/>
        <ComponentName Value="Form11"/>
        <HasResources Value="True"/>
        <ResourceBaseClass Value="Form"/>
        <UnitName Value="frmsubst"/>
        <EditorIndex Value="7"/>
        <WindowIndex Value="0"/>
        <TopLine Value="1"/>
        <CursorPos X="1" Y="7"/>
        <UsageCount Value="66"/>
        <Loaded Value="True"/>
        <LoadedDesigner Value="True"/>
      </Unit17>
      <Unit18>
        <Filename Value="../../../tubes2-oe-dos/trunk/source/usubst.pas"/>
        <UnitName Value="usubst"/>
        <WindowIndex Value="0"/>
        <TopLine Value="171"/>
        <CursorPos X="15" Y="185"/>
        <UsageCount Value="12"/>
      </Unit18>
      <Unit19>
        <Filename Value="frmfirstrun.pas"/>
        <ComponentName Value="Form4"/>
        <HasResources Value="True"/>
        <ResourceBaseClass Value="Form"/>
        <UnitName Value="frmfirstrun"/>
        <WindowIndex Value="0"/>
        <TopLine Value="14"/>
        <CursorPos X="1" Y="34"/>
        <UsageCount Value="22"/>
      </Unit19>
    </Units>
    <JumpHistory Count="30" HistoryIndex="29">
      <Position1>
        <Filename Value="frmconfig.pas"/>
        <Caret Line="117" Column="26" TopLine="96"/>
      </Position1>
      <Position2>
        <Filename Value="frmconfig.pas"/>
        <Caret Line="136" Column="59" TopLine="115"/>
      </Position2>
      <Position3>
        <Filename Value="frmconfig.pas"/>
        <Caret Line="141" Column="54" TopLine="120"/>
      </Position3>
      <Position4>
        <Filename Value="frmconfig.pas"/>
        <Caret Line="142" Column="56" TopLine="121"/>
      </Position4>
      <Position5>
        <Filename Value="frmconfig.pas"/>
        <Caret Line="162" Column="35" TopLine="141"/>
      </Position5>
      <Position6>
        <Filename Value="frmconfig.pas"/>
        <Caret Line="165" Column="36" TopLine="143"/>
      </Position6>
      <Position7>
        <Filename Value="frmconfig.pas"/>
        <Caret Line="170" Column="26" TopLine="149"/>
      </Position7>
      <Position8>
        <Filename Value="frmconfig.pas"/>
        <Caret Line="171" Column="26" TopLine="150"/>
      </Position8>
      <Position9>
        <Filename Value="frmconfig.pas"/>
        <Caret Line="183" Column="16" TopLine="162"/>
      </Position9>
      <Position10>
        <Filename Value="frmconfig.pas"/>
        <Caret Line="200" Column="33" TopLine="179"/>
      </Position10>
      <Position11>
        <Filename Value="frmconfig.pas"/>
        <Caret Line="208" Column="27" TopLine="188"/>
      </Position11>
      <Position12>
        <Filename Value="frmconfig.pas"/>
        <Caret Line="209" Column="27" TopLine="189"/>
      </Position12>
      <Position13>
        <Filename Value="frmconfig.pas"/>
        <Caret Line="225" Column="18" TopLine="204"/>
      </Position13>
      <Position14>
        <Filename Value="frmconfig.pas"/>
        <Caret Line="233" Column="18" TopLine="212"/>
      </Position14>
      <Position15>
        <Filename Value="frmconfig.pas"/>
        <Caret Line="248" Column="18" TopLine="227"/>
      </Position15>
      <Position16>
        <Filename Value="frmconfig.pas"/>
        <Caret Line="264" Column="23" TopLine="243"/>
      </Position16>
      <Position17>
        <Filename Value="frmconfig.pas"/>
        <Caret Line="290" Column="18" TopLine="267"/>
      </Position17>
      <Position18>
        <Filename Value="frmconfig.pas"/>
        <Caret Line="297" Column="13" TopLine="276"/>
      </Position18>
      <Position19>
        <Filename Value="frmconfig.pas"/>
        <Caret Line="300" Column="18" TopLine="279"/>
      </Position19>
      <Position20>
        <Filename Value="frmconfig.pas"/>
        <Caret Line="301" Column="13" TopLine="280"/>
      </Position20>
      <Position21>
        <Filename Value="frmconfig.pas"/>
        <Caret Line="305" Column="28" TopLine="284"/>
      </Position21>
      <Position22>
        <Filename Value="frmconfig.pas"/>
        <Caret Line="306" Column="45" TopLine="285"/>
      </Position22>
      <Position23>
        <Filename Value="frmconfig.pas"/>
        <Caret Line="314" Column="27" TopLine="293"/>
      </Position23>
      <Position24>
        <Filename Value="frmconfig.pas"/>
        <Caret Line="321" Column="13" TopLine="297"/>
      </Position24>
      <Position25>
        <Filename Value="frmprogressbar.pas"/>
        <Caret Line="30" Column="5" TopLine="20"/>
      </Position25>
      <Position26>
        <Filename Value="frmprogressbar.pas"/>
        <Caret Line="27" Column="27" TopLine="22"/>
      </Position26>
      <Position27>
        <Filename Value="frmupgrade.pas"/>
        <Caret Line="7" Column="1" TopLine="1"/>
      </Position27>
      <Position28>
        <Filename Value="frmupgrade.pas"/>
        <Caret Line="29" Column="6" TopLine="16"/>
      </Position28>
      <Position29>
        <Filename Value="frmmain.pas"/>
        <Caret Line="7" Column="1" TopLine="1"/>
      </Position29>
      <Position30>
        <Filename Value="frmmain.pas"/>
        <Caret Line="303" Column="44" TopLine="752"/>
      </Position30>
    </JumpHistory>
  </ProjectOptions>
  <CompilerOptions>
    <Version Value="11"/>
    <SearchPaths>
      <IncludeFiles Value="$(ProjOutDir)"/>
      <OtherUnitFiles Value="/usr/lib/fpc/2.2.4/units/i386-linux/unzip/;synapse"/>
      <UnitOutputDirectory Value="lib/$(TargetCPU)-$(TargetOS)"/>
    </SearchPaths>
    <Parsing>
      <SyntaxOptions>
        <CStyleOperator Value="False"/>
        <UseAnsiStrings Value="False"/>
      </SyntaxOptions>
    </Parsing>
    <Linking>
      <Debugging>
        <GenerateDebugInfo Value="False"/>
        <UseLineInfoUnit Value="False"/>
      </Debugging>
      <Options>
        <Win32>
          <GraphicApplication Value="True"/>
        </Win32>
      </Options>
    </Linking>
    <Other>
      <Verbosity>
        <ShowWarn Value="False"/>
        <ShowNotes Value="False"/>
        <ShowHints Value="False"/>
      </Verbosity>
      <CompilerMessages>
        <UseMsgFile Value="True"/>
      </CompilerMessages>
      <CompilerPath Value="$(CompPath)"/>
    </Other>
  </CompilerOptions>
  <Debugging>
    <Watches Count="1">
      <Item1>
        <Expression Value="xedfpath"/>
      </Item1>
    </Watches>
    <Exceptions Count="2">
      <Item1>
        <Name Value="ECodetoolError"/>
      </Item1>
      <Item2>
        <Name Value="EFOpenError"/>
      </Item2>
    </Exceptions>
  </Debugging>
  <EditorMacros Count="0"/>
</CONFIG>
