<?xml version="1.0" encoding="UTF-8"?>
<CONFIG>
  <ProjectOptions>
    <Version Value="9"/>
    <General>
      <MainUnit Value="0"/>
      <Title Value="Tubes2 Open edition"/>
      <UseAppBundle Value="False"/>
      <UseXPManifest Value="True"/>
      <Icon Value="0"/>
      <ActiveWindowIndexAtStart Value="0"/>
    </General>
    <i18n>
      <EnableI18N Value="True"/>
      <OutDir Value="languages"/>
    </i18n>
    <VersionInfo>
      <UseVersionInfo Value="True"/>
      <MajorVersionNr Value="2"/>
      <MinorVersionNr Value="2"/>
      <StringTable CompanyName="Pozsár Zsolt" FileDescription="Electrontube catalogue" LegalCopyright="(C)2008-2017 Pozsár Zsolt" ProductName="Tubes2 Open edition" ProductVersion="2.2"/>
    </VersionInfo>
    <BuildModes Count="1">
      <Item1 Name="default" Default="True"/>
    </BuildModes>
    <PublishOptions>
      <Version Value="2"/>
      <IgnoreBinaries Value="False"/>
      <IncludeFileFilter Value="*.(pas|pp|inc|lfm|lpr|lrs|lpi|lpk|sh|xml)"/>
      <ExcludeFileFilter Value="*.(bak|ppu|ppw|o|so);*~;backup"/>
    </PublishOptions>
    <RunParams>
      <local>
        <FormatVersion Value="1"/>
        <LaunchingApplication PathPlusParams="/usr/X11R6/bin/xterm -T 'Lazarus Run Output' -e $(LazarusDir)/tools/runwait.sh $(TargetCmdLine)"/>
      </local>
    </RunParams>
    <RequiredPackages Count="3">
      <Item1>
        <PackageName Value="SynEdit"/>
        <MinVersion Major="1" Valid="True"/>
      </Item1>
      <Item2>
        <PackageName Value="LCL"/>
      </Item2>
      <Item3>
        <PackageName Value="FCL"/>
        <MinVersion Major="1" Valid="True"/>
      </Item3>
    </RequiredPackages>
    <Units Count="18">
      <Unit0>
        <Filename Value="tubes2oe.lpr"/>
        <IsPartOfProject Value="True"/>
        <UnitName Value="tubes2oe"/>
        <EditorIndex Value="0"/>
        <WindowIndex Value="0"/>
        <TopLine Value="7"/>
        <CursorPos X="1" Y="7"/>
        <UsageCount Value="200"/>
        <Loaded Value="True"/>
        <LoadedDesigner Value="True"/>
      </Unit0>
      <Unit1>
        <Filename Value="frmmain.pas"/>
        <IsPartOfProject Value="True"/>
        <ComponentName Value="Form1"/>
        <HasResources Value="True"/>
        <ResourceBaseClass Value="Form"/>
        <UnitName Value="frmmain"/>
        <IsVisibleTab Value="True"/>
        <EditorIndex Value="5"/>
        <WindowIndex Value="0"/>
        <TopLine Value="658"/>
        <CursorPos X="3" Y="661"/>
        <UsageCount Value="200"/>
        <Loaded Value="True"/>
        <LoadedDesigner Value="True"/>
      </Unit1>
      <Unit2>
        <Filename Value="frmabout.pas"/>
        <IsPartOfProject Value="True"/>
        <ComponentName Value="Form2"/>
        <HasResources Value="True"/>
        <ResourceBaseClass Value="Form"/>
        <UnitName Value="frmabout"/>
        <EditorIndex Value="1"/>
        <WindowIndex Value="0"/>
        <TopLine Value="1"/>
        <CursorPos X="1" Y="7"/>
        <UsageCount Value="200"/>
        <Loaded Value="True"/>
        <LoadedDesigner Value="True"/>
      </Unit2>
      <Unit3>
        <Filename Value="frmhelptext.pas"/>
        <ComponentName Value="Form3"/>
        <UnitName Value="frmhelptext"/>
        <TopLine Value="17"/>
        <CursorPos X="26" Y="17"/>
        <UsageCount Value="1"/>
      </Unit3>
      <Unit4>
        <Filename Value="frmhelppic.pas"/>
        <ComponentName Value="Form4"/>
        <HasResources Value="True"/>
        <ResourceBaseClass Value="Form"/>
        <UnitName Value="frmhelppic"/>
        <TopLine Value="1"/>
        <CursorPos X="1" Y="4"/>
        <UsageCount Value="196"/>
      </Unit4>
      <Unit5>
        <Filename Value="frmsort.pas"/>
        <IsPartOfProject Value="True"/>
        <ComponentName Value="Form5"/>
        <HasResources Value="True"/>
        <ResourceBaseClass Value="Form"/>
        <UnitName Value="frmsort"/>
        <EditorIndex Value="7"/>
        <WindowIndex Value="0"/>
        <TopLine Value="40"/>
        <CursorPos X="1" Y="52"/>
        <UsageCount Value="306"/>
        <Loaded Value="True"/>
        <LoadedDesigner Value="True"/>
      </Unit5>
      <Unit6>
        <Filename Value="frmupgrade.pas"/>
        <IsPartOfProject Value="True"/>
        <ComponentName Value="Form6"/>
        <HasResources Value="True"/>
        <ResourceBaseClass Value="Form"/>
        <UnitName Value="frmupgrade"/>
        <EditorIndex Value="10"/>
        <WindowIndex Value="0"/>
        <TopLine Value="1"/>
        <CursorPos X="1" Y="7"/>
        <UsageCount Value="326"/>
        <Loaded Value="True"/>
        <LoadedDesigner Value="True"/>
      </Unit6>
      <Unit7>
        <Filename Value="strconv.pas"/>
        <UnitName Value="strconv"/>
        <TopLine Value="1"/>
        <CursorPos X="1" Y="4"/>
        <UsageCount Value="49"/>
      </Unit7>
      <Unit8>
        <Filename Value="frmparsearch.pas"/>
        <IsPartOfProject Value="True"/>
        <ComponentName Value="Form3"/>
        <HasResources Value="True"/>
        <ResourceBaseClass Value="Form"/>
        <UnitName Value="frmparsearch"/>
        <EditorIndex Value="3"/>
        <WindowIndex Value="0"/>
        <TopLine Value="1"/>
        <CursorPos X="22" Y="4"/>
        <UsageCount Value="200"/>
        <Loaded Value="True"/>
        <LoadedDesigner Value="True"/>
      </Unit8>
      <Unit9>
        <Filename Value="frmconfig.pas"/>
        <IsPartOfProject Value="True"/>
        <ComponentName Value="Form7"/>
        <HasResources Value="True"/>
        <ResourceBaseClass Value="Form"/>
        <UnitName Value="frmconfig"/>
        <EditorIndex Value="4"/>
        <WindowIndex Value="0"/>
        <TopLine Value="1"/>
        <CursorPos X="40" Y="116"/>
        <UsageCount Value="200"/>
        <Loaded Value="True"/>
        <LoadedDesigner Value="True"/>
      </Unit9>
      <Unit10>
        <Filename Value="frmtextview.pas"/>
        <IsPartOfProject Value="True"/>
        <ComponentName Value="Form8"/>
        <HasResources Value="True"/>
        <ResourceBaseClass Value="Form"/>
        <UnitName Value="frmtextview"/>
        <EditorIndex Value="9"/>
        <WindowIndex Value="0"/>
        <TopLine Value="1"/>
        <CursorPos X="1" Y="7"/>
        <UsageCount Value="132"/>
        <Loaded Value="True"/>
        <LoadedDesigner Value="True"/>
      </Unit10>
      <Unit11>
        <Filename Value="frmprogressbar.pas"/>
        <IsPartOfProject Value="True"/>
        <ComponentName Value="Form9"/>
        <HasResources Value="True"/>
        <ResourceBaseClass Value="Form"/>
        <UnitName Value="frmprogressbar"/>
        <EditorIndex Value="6"/>
        <WindowIndex Value="0"/>
        <TopLine Value="1"/>
        <CursorPos X="23" Y="4"/>
        <UsageCount Value="98"/>
        <Loaded Value="True"/>
        <LoadedDesigner Value="True"/>
      </Unit11>
      <Unit12>
        <Filename Value="unttranslator.pas"/>
        <UnitName Value="unttranslator"/>
        <WindowIndex Value="0"/>
        <TopLine Value="1"/>
        <CursorPos X="1" Y="1"/>
        <UsageCount Value="9"/>
      </Unit12>
      <Unit13>
        <Filename Value="untstrconv.pas"/>
        <UnitName Value="untstrconv"/>
        <EditorIndex Value="11"/>
        <WindowIndex Value="0"/>
        <TopLine Value="1"/>
        <CursorPos X="1" Y="7"/>
        <UsageCount Value="33"/>
        <Loaded Value="True"/>
      </Unit13>
      <Unit14>
        <Filename Value="config.inc"/>
        <WindowIndex Value="0"/>
        <TopLine Value="1"/>
        <CursorPos X="1" Y="7"/>
        <UsageCount Value="8"/>
      </Unit14>
      <Unit15>
        <Filename Value="frmtester.pas"/>
        <ComponentName Value="Form4"/>
        <HasResources Value="True"/>
        <ResourceBaseClass Value="Form"/>
        <UnitName Value="frmtester"/>
        <WindowIndex Value="0"/>
        <TopLine Value="1"/>
        <CursorPos X="1" Y="54"/>
        <UsageCount Value="33"/>
      </Unit15>
      <Unit16>
        <Filename Value="frmdrawer.pas"/>
        <IsPartOfProject Value="True"/>
        <ComponentName Value="Form10"/>
        <HasResources Value="True"/>
        <ResourceBaseClass Value="Form"/>
        <UnitName Value="frmdrawer"/>
        <EditorIndex Value="2"/>
        <WindowIndex Value="0"/>
        <TopLine Value="1"/>
        <CursorPos X="50" Y="3"/>
        <UsageCount Value="47"/>
        <Loaded Value="True"/>
        <LoadedDesigner Value="True"/>
      </Unit16>
      <Unit17>
        <Filename Value="frmsubst.pas"/>
        <IsPartOfProject Value="True"/>
        <ComponentName Value="Form11"/>
        <HasResources Value="True"/>
        <ResourceBaseClass Value="Form"/>
        <UnitName Value="frmsubst"/>
        <EditorIndex Value="8"/>
        <WindowIndex Value="0"/>
        <TopLine Value="1"/>
        <CursorPos X="1" Y="14"/>
        <UsageCount Value="39"/>
        <Loaded Value="True"/>
        <LoadedDesigner Value="True"/>
      </Unit17>
    </Units>
    <JumpHistory Count="30" HistoryIndex="29">
      <Position1>
        <Filename Value="frmmain.pas"/>
        <Caret Line="793" Column="3" TopLine="775"/>
      </Position1>
      <Position2>
        <Filename Value="frmmain.pas"/>
        <Caret Line="792" Column="3" TopLine="774"/>
      </Position2>
      <Position3>
        <Filename Value="frmmain.pas"/>
        <Caret Line="791" Column="3" TopLine="773"/>
      </Position3>
      <Position4>
        <Filename Value="frmmain.pas"/>
        <Caret Line="790" Column="3" TopLine="772"/>
      </Position4>
      <Position5>
        <Filename Value="frmmain.pas"/>
        <Caret Line="789" Column="3" TopLine="771"/>
      </Position5>
      <Position6>
        <Filename Value="frmmain.pas"/>
        <Caret Line="788" Column="3" TopLine="770"/>
      </Position6>
      <Position7>
        <Filename Value="frmmain.pas"/>
        <Caret Line="787" Column="3" TopLine="769"/>
      </Position7>
      <Position8>
        <Filename Value="frmmain.pas"/>
        <Caret Line="786" Column="3" TopLine="768"/>
      </Position8>
      <Position9>
        <Filename Value="frmmain.pas"/>
        <Caret Line="785" Column="3" TopLine="767"/>
      </Position9>
      <Position10>
        <Filename Value="frmmain.pas"/>
        <Caret Line="786" Column="3" TopLine="768"/>
      </Position10>
      <Position11>
        <Filename Value="frmmain.pas"/>
        <Caret Line="777" Column="1" TopLine="765"/>
      </Position11>
      <Position12>
        <Filename Value="frmmain.pas"/>
        <Caret Line="160" Column="1" TopLine="144"/>
      </Position12>
      <Position13>
        <Filename Value="frmmain.pas"/>
        <Caret Line="1532" Column="47" TopLine="1500"/>
      </Position13>
      <Position14>
        <Filename Value="frmmain.pas"/>
        <Caret Line="1454" Column="3" TopLine="1"/>
      </Position14>
      <Position15>
        <Filename Value="frmmain.pas"/>
        <Caret Line="824" Column="1" TopLine="820"/>
      </Position15>
      <Position16>
        <Filename Value="frmmain.pas"/>
        <Caret Line="787" Column="3" TopLine="785"/>
      </Position16>
      <Position17>
        <Filename Value="frmmain.pas"/>
        <Caret Line="824" Column="50" TopLine="820"/>
      </Position17>
      <Position18>
        <Filename Value="frmmain.pas"/>
        <Caret Line="787" Column="55" TopLine="770"/>
      </Position18>
      <Position19>
        <Filename Value="frmmain.pas"/>
        <Caret Line="824" Column="49" TopLine="811"/>
      </Position19>
      <Position20>
        <Filename Value="frmmain.pas"/>
        <Caret Line="149" Column="42" TopLine="149"/>
      </Position20>
      <Position21>
        <Filename Value="frmmain.pas"/>
        <Caret Line="797" Column="7" TopLine="794"/>
      </Position21>
      <Position22>
        <Filename Value="frmmain.pas"/>
        <Caret Line="800" Column="1" TopLine="781"/>
      </Position22>
      <Position23>
        <Filename Value="frmmain.pas"/>
        <Caret Line="835" Column="1" TopLine="810"/>
      </Position23>
      <Position24>
        <Filename Value="frmmain.pas"/>
        <Caret Line="826" Column="10" TopLine="826"/>
      </Position24>
      <Position25>
        <Filename Value="frmmain.pas"/>
        <Caret Line="840" Column="7" TopLine="838"/>
      </Position25>
      <Position26>
        <Filename Value="frmmain.pas"/>
        <Caret Line="838" Column="7" TopLine="838"/>
      </Position26>
      <Position27>
        <Filename Value="frmmain.pas"/>
        <Caret Line="851" Column="46" TopLine="805"/>
      </Position27>
      <Position28>
        <Filename Value="frmmain.pas"/>
        <Caret Line="810" Column="3" TopLine="806"/>
      </Position28>
      <Position29>
        <Filename Value="frmmain.pas"/>
        <Caret Line="818" Column="34" TopLine="814"/>
      </Position29>
      <Position30>
        <Filename Value="frmmain.pas"/>
        <Caret Line="871" Column="3" TopLine="869"/>
      </Position30>
    </JumpHistory>
  </ProjectOptions>
  <CompilerOptions>
    <Version Value="11"/>
    <SearchPaths>
      <IncludeFiles Value="$(ProjOutDir)"/>
      <OtherUnitFiles Value="/usr/lib/fpc/2.2.4/units/i386-linux/unzip/;synapse"/>
      <UnitOutputDirectory Value="lib/$(TargetCPU)-$(TargetOS)"/>
    </SearchPaths>
    <Parsing>
      <SyntaxOptions>
        <CStyleOperator Value="False"/>
        <UseAnsiStrings Value="False"/>
      </SyntaxOptions>
    </Parsing>
    <Linking>
      <Debugging>
        <GenerateDebugInfo Value="False"/>
        <UseLineInfoUnit Value="False"/>
      </Debugging>
      <Options>
        <Win32>
          <GraphicApplication Value="True"/>
        </Win32>
      </Options>
    </Linking>
    <Other>
      <Verbosity>
        <ShowWarn Value="False"/>
        <ShowNotes Value="False"/>
        <ShowHints Value="False"/>
      </Verbosity>
      <CompilerMessages>
        <UseMsgFile Value="True"/>
      </CompilerMessages>
      <CompilerPath Value="$(CompPath)"/>
    </Other>
  </CompilerOptions>
  <Debugging>
    <Watches Count="1">
      <Item1>
        <Expression Value="xedfpath"/>
      </Item1>
    </Watches>
    <Exceptions Count="2">
      <Item1>
        <Name Value="ECodetoolError"/>
      </Item1>
      <Item2>
        <Name Value="EFOpenError"/>
      </Item2>
    </Exceptions>
  </Debugging>
  <EditorMacros Count="0"/>
</CONFIG>
