<?xml version="1.0" encoding="UTF-8"?>
<CONFIG>
  <ProjectOptions>
    <Version Value="9"/>
    <General>
      <MainUnit Value="0"/>
      <Title Value="Tubes2 Open edition"/>
      <UseAppBundle Value="False"/>
      <UseXPManifest Value="True"/>
      <Icon Value="0"/>
      <ActiveWindowIndexAtStart Value="0"/>
    </General>
    <i18n>
      <EnableI18N Value="True"/>
      <OutDir Value="languages"/>
    </i18n>
    <VersionInfo>
      <UseVersionInfo Value="True"/>
      <MajorVersionNr Value="2"/>
      <MinorVersionNr Value="2"/>
      <StringTable CompanyName="Pozsár Zsolt" FileDescription="Electrontube catalogue" LegalCopyright="(C)2008-2017 Pozsár Zsolt" ProductName="Tubes2 Open edition" ProductVersion="2.2"/>
    </VersionInfo>
    <BuildModes Count="1">
      <Item1 Name="default" Default="True"/>
    </BuildModes>
    <PublishOptions>
      <Version Value="2"/>
      <IgnoreBinaries Value="False"/>
      <IncludeFileFilter Value="*.(pas|pp|inc|lfm|lpr|lrs|lpi|lpk|sh|xml)"/>
      <ExcludeFileFilter Value="*.(bak|ppu|ppw|o|so);*~;backup"/>
    </PublishOptions>
    <RunParams>
      <local>
        <FormatVersion Value="1"/>
        <LaunchingApplication PathPlusParams="/usr/X11R6/bin/xterm -T 'Lazarus Run Output' -e $(LazarusDir)/tools/runwait.sh $(TargetCmdLine)"/>
      </local>
    </RunParams>
    <RequiredPackages Count="4">
      <Item1>
        <PackageName Value="Printer4Lazarus"/>
      </Item1>
      <Item2>
        <PackageName Value="SynEdit"/>
        <MinVersion Major="1" Valid="True"/>
      </Item2>
      <Item3>
        <PackageName Value="LCL"/>
      </Item3>
      <Item4>
        <PackageName Value="FCL"/>
        <MinVersion Major="1" Valid="True"/>
      </Item4>
    </RequiredPackages>
    <Units Count="20">
      <Unit0>
        <Filename Value="tubes2oe.lpr"/>
        <IsPartOfProject Value="True"/>
        <UnitName Value="tubes2oe"/>
        <EditorIndex Value="0"/>
        <WindowIndex Value="0"/>
        <TopLine Value="1"/>
        <CursorPos X="1" Y="7"/>
        <UsageCount Value="200"/>
        <Loaded Value="True"/>
      </Unit0>
      <Unit1>
        <Filename Value="frmmain.pas"/>
        <IsPartOfProject Value="True"/>
        <ComponentName Value="Form1"/>
        <HasResources Value="True"/>
        <ResourceBaseClass Value="Form"/>
        <UnitName Value="frmmain"/>
        <IsVisibleTab Value="True"/>
        <EditorIndex Value="5"/>
        <WindowIndex Value="0"/>
        <TopLine Value="251"/>
        <CursorPos X="11" Y="81"/>
        <ComponentState Value="1"/>
        <UsageCount Value="200"/>
        <Loaded Value="True"/>
        <LoadedDesigner Value="True"/>
      </Unit1>
      <Unit2>
        <Filename Value="frmabout.pas"/>
        <IsPartOfProject Value="True"/>
        <ComponentName Value="Form2"/>
        <HasResources Value="True"/>
        <ResourceBaseClass Value="Form"/>
        <UnitName Value="frmabout"/>
        <EditorIndex Value="1"/>
        <WindowIndex Value="0"/>
        <TopLine Value="1"/>
        <CursorPos X="1" Y="7"/>
        <ComponentState Value="1"/>
        <UsageCount Value="200"/>
        <Loaded Value="True"/>
        <LoadedDesigner Value="True"/>
      </Unit2>
      <Unit3>
        <Filename Value="frmhelppic.pas"/>
        <ComponentName Value="Form4"/>
        <HasResources Value="True"/>
        <ResourceBaseClass Value="Form"/>
        <UnitName Value="frmhelppic"/>
        <TopLine Value="1"/>
        <CursorPos X="1" Y="4"/>
        <UsageCount Value="192"/>
      </Unit3>
      <Unit4>
        <Filename Value="frmsort.pas"/>
        <IsPartOfProject Value="True"/>
        <ComponentName Value="Form5"/>
        <HasResources Value="True"/>
        <ResourceBaseClass Value="Form"/>
        <UnitName Value="frmsort"/>
        <WindowIndex Value="0"/>
        <TopLine Value="1"/>
        <CursorPos X="1" Y="7"/>
        <UsageCount Value="306"/>
      </Unit4>
      <Unit5>
        <Filename Value="frmupgrade.pas"/>
        <IsPartOfProject Value="True"/>
        <ComponentName Value="Form6"/>
        <HasResources Value="True"/>
        <ResourceBaseClass Value="Form"/>
        <UnitName Value="frmupgrade"/>
        <EditorIndex Value="10"/>
        <WindowIndex Value="0"/>
        <TopLine Value="1"/>
        <CursorPos X="1" Y="7"/>
        <ComponentState Value="1"/>
        <UsageCount Value="326"/>
        <Loaded Value="True"/>
        <LoadedDesigner Value="True"/>
      </Unit5>
      <Unit6>
        <Filename Value="strconv.pas"/>
        <UnitName Value="strconv"/>
        <TopLine Value="1"/>
        <CursorPos X="1" Y="4"/>
        <UsageCount Value="45"/>
      </Unit6>
      <Unit7>
        <Filename Value="frmparsearch.pas"/>
        <IsPartOfProject Value="True"/>
        <ComponentName Value="Form3"/>
        <HasResources Value="True"/>
        <ResourceBaseClass Value="Form"/>
        <UnitName Value="frmparsearch"/>
        <EditorIndex Value="6"/>
        <WindowIndex Value="0"/>
        <TopLine Value="1"/>
        <CursorPos X="1" Y="7"/>
        <ComponentState Value="1"/>
        <UsageCount Value="200"/>
        <Loaded Value="True"/>
        <LoadedDesigner Value="True"/>
      </Unit7>
      <Unit8>
        <Filename Value="frmconfig.pas"/>
        <IsPartOfProject Value="True"/>
        <ComponentName Value="Form7"/>
        <HasResources Value="True"/>
        <ResourceBaseClass Value="Form"/>
        <UnitName Value="frmconfig"/>
        <EditorIndex Value="2"/>
        <WindowIndex Value="0"/>
        <TopLine Value="1"/>
        <CursorPos X="1" Y="7"/>
        <ComponentState Value="1"/>
        <UsageCount Value="200"/>
        <Loaded Value="True"/>
        <LoadedDesigner Value="True"/>
      </Unit8>
      <Unit9>
        <Filename Value="frmtextview.pas"/>
        <IsPartOfProject Value="True"/>
        <ComponentName Value="Form8"/>
        <HasResources Value="True"/>
        <ResourceBaseClass Value="Form"/>
        <UnitName Value="frmtextview"/>
        <EditorIndex Value="9"/>
        <WindowIndex Value="0"/>
        <TopLine Value="1"/>
        <CursorPos X="1" Y="7"/>
        <ComponentState Value="1"/>
        <UsageCount Value="189"/>
        <Loaded Value="True"/>
        <LoadedDesigner Value="True"/>
      </Unit9>
      <Unit10>
        <Filename Value="frmprogressbar.pas"/>
        <IsPartOfProject Value="True"/>
        <ComponentName Value="Form9"/>
        <HasResources Value="True"/>
        <ResourceBaseClass Value="Form"/>
        <UnitName Value="frmprogressbar"/>
        <EditorIndex Value="7"/>
        <WindowIndex Value="0"/>
        <TopLine Value="1"/>
        <CursorPos X="1" Y="22"/>
        <ComponentState Value="1"/>
        <UsageCount Value="155"/>
        <Loaded Value="True"/>
        <LoadedDesigner Value="True"/>
      </Unit10>
      <Unit11>
        <Filename Value="unttranslator.pas"/>
        <UnitName Value="unttranslator"/>
        <WindowIndex Value="0"/>
        <TopLine Value="1"/>
        <CursorPos X="1" Y="1"/>
        <UsageCount Value="5"/>
      </Unit11>
      <Unit12>
        <Filename Value="untstrconv.pas"/>
        <UnitName Value="untstrconv"/>
        <EditorIndex Value="11"/>
        <WindowIndex Value="0"/>
        <TopLine Value="1"/>
        <CursorPos X="1" Y="22"/>
        <UsageCount Value="62"/>
        <Loaded Value="True"/>
      </Unit12>
      <Unit13>
        <Filename Value="config.inc"/>
        <WindowIndex Value="0"/>
        <TopLine Value="26"/>
        <CursorPos X="23" Y="40"/>
        <UsageCount Value="13"/>
      </Unit13>
      <Unit14>
        <Filename Value="frmtester.pas"/>
        <ComponentName Value="Form4"/>
        <HasResources Value="True"/>
        <ResourceBaseClass Value="Form"/>
        <UnitName Value="frmtester"/>
        <WindowIndex Value="0"/>
        <TopLine Value="1"/>
        <CursorPos X="1" Y="54"/>
        <UsageCount Value="29"/>
      </Unit14>
      <Unit15>
        <Filename Value="frmdrawer.pas"/>
        <IsPartOfProject Value="True"/>
        <ComponentName Value="Form10"/>
        <HasResources Value="True"/>
        <ResourceBaseClass Value="Form"/>
        <UnitName Value="frmdrawer"/>
        <EditorIndex Value="4"/>
        <WindowIndex Value="0"/>
        <TopLine Value="1"/>
        <CursorPos X="1" Y="7"/>
        <ComponentState Value="1"/>
        <UsageCount Value="104"/>
        <Loaded Value="True"/>
        <LoadedDesigner Value="True"/>
      </Unit15>
      <Unit16>
        <Filename Value="frmsubst.pas"/>
        <IsPartOfProject Value="True"/>
        <ComponentName Value="Form11"/>
        <HasResources Value="True"/>
        <ResourceBaseClass Value="Form"/>
        <UnitName Value="frmsubst"/>
        <EditorIndex Value="8"/>
        <WindowIndex Value="0"/>
        <TopLine Value="1"/>
        <CursorPos X="1" Y="7"/>
        <ComponentState Value="1"/>
        <UsageCount Value="96"/>
        <Loaded Value="True"/>
        <LoadedDesigner Value="True"/>
      </Unit16>
      <Unit17>
        <Filename Value="../../../tubes2-oe-dos/trunk/source/usubst.pas"/>
        <UnitName Value="usubst"/>
        <WindowIndex Value="0"/>
        <TopLine Value="171"/>
        <CursorPos X="15" Y="185"/>
        <UsageCount Value="8"/>
      </Unit17>
      <Unit18>
        <Filename Value="frmfirstrun.pas"/>
        <ComponentName Value="Form4"/>
        <HasResources Value="True"/>
        <ResourceBaseClass Value="Form"/>
        <UnitName Value="frmfirstrun"/>
        <WindowIndex Value="0"/>
        <TopLine Value="14"/>
        <CursorPos X="1" Y="34"/>
        <UsageCount Value="18"/>
      </Unit18>
      <Unit19>
        <Filename Value="config.inc.in"/>
        <EditorIndex Value="3"/>
        <WindowIndex Value="0"/>
        <TopLine Value="1"/>
        <CursorPos X="1" Y="7"/>
        <UsageCount Value="12"/>
        <Loaded Value="True"/>
        <DefaultSyntaxHighlighter Value="None"/>
      </Unit19>
    </Units>
    <JumpHistory Count="30" HistoryIndex="29">
      <Position1>
        <Filename Value="frmdrawer.pas"/>
        <Caret Line="414" Column="1" TopLine="402"/>
      </Position1>
      <Position2>
        <Filename Value="frmdrawer.pas"/>
        <Caret Line="447" Column="68" TopLine="444"/>
      </Position2>
      <Position3>
        <Filename Value="frmdrawer.pas"/>
        <Caret Line="117" Column="77" TopLine="103"/>
      </Position3>
      <Position4>
        <Filename Value="frmdrawer.pas"/>
        <Caret Line="478" Column="11" TopLine="457"/>
      </Position4>
      <Position5>
        <Filename Value="frmdrawer.pas"/>
        <Caret Line="494" Column="11" TopLine="473"/>
      </Position5>
      <Position6>
        <Filename Value="frmdrawer.pas"/>
        <Caret Line="126" Column="1" TopLine="1"/>
      </Position6>
      <Position7>
        <Filename Value="frmdrawer.pas"/>
        <Caret Line="474" Column="1" TopLine="459"/>
      </Position7>
      <Position8>
        <Filename Value="frmdrawer.pas"/>
        <Caret Line="916" Column="14" TopLine="1"/>
      </Position8>
      <Position9>
        <Filename Value="frmdrawer.pas"/>
        <Caret Line="404" Column="32" TopLine="384"/>
      </Position9>
      <Position10>
        <Filename Value="frmdrawer.pas"/>
        <Caret Line="433" Column="32" TopLine="413"/>
      </Position10>
      <Position11>
        <Filename Value="frmdrawer.pas"/>
        <Caret Line="469" Column="23" TopLine="448"/>
      </Position11>
      <Position12>
        <Filename Value="frmdrawer.pas"/>
        <Caret Line="128" Column="6" TopLine="112"/>
      </Position12>
      <Position13>
        <Filename Value="frmdrawer.pas"/>
        <Caret Line="474" Column="43" TopLine="453"/>
      </Position13>
      <Position14>
        <Filename Value="frmdrawer.pas"/>
        <Caret Line="533" Column="45" TopLine="513"/>
      </Position14>
      <Position15>
        <Filename Value="frmdrawer.pas"/>
        <Caret Line="547" Column="56" TopLine="526"/>
      </Position15>
      <Position16>
        <Filename Value="frmdrawer.pas"/>
        <Caret Line="917" Column="40" TopLine="896"/>
      </Position16>
      <Position17>
        <Filename Value="frmdrawer.pas"/>
        <Caret Line="128" Column="6" TopLine="115"/>
      </Position17>
      <Position18>
        <Filename Value="frmdrawer.pas"/>
        <Caret Line="213" Column="26" TopLine="192"/>
      </Position18>
      <Position19>
        <Filename Value="frmdrawer.pas"/>
        <Caret Line="214" Column="26" TopLine="193"/>
      </Position19>
      <Position20>
        <Filename Value="frmdrawer.pas"/>
        <Caret Line="474" Column="14" TopLine="453"/>
      </Position20>
      <Position21>
        <Filename Value="frmabout.pas"/>
        <Caret Line="33" Column="3" TopLine="13"/>
      </Position21>
      <Position22>
        <Filename Value="frmabout.pas"/>
        <Caret Line="31" Column="1" TopLine="18"/>
      </Position22>
      <Position23>
        <Filename Value="frmconfig.pas"/>
        <Caret Line="99" Column="15" TopLine="79"/>
      </Position23>
      <Position24>
        <Filename Value="frmconfig.pas"/>
        <Caret Line="98" Column="14" TopLine="80"/>
      </Position24>
      <Position25>
        <Filename Value="tubes2oe.lpr"/>
        <Caret Line="1" Column="2" TopLine="1"/>
      </Position25>
      <Position26>
        <Filename Value="tubes2oe.lpr"/>
        <Caret Line="86" Column="7" TopLine="65"/>
      </Position26>
      <Position27>
        <Filename Value="tubes2oe.lpr"/>
        <Caret Line="98" Column="7" TopLine="77"/>
      </Position27>
      <Position28>
        <Filename Value="frmdrawer.pas"/>
        <Caret Line="48" Column="4" TopLine="24"/>
      </Position28>
      <Position29>
        <Filename Value="untstrconv.pas"/>
        <Caret Line="65" Column="33" TopLine="43"/>
      </Position29>
      <Position30>
        <Filename Value="frmparsearch.pas"/>
        <Caret Line="152" Column="6" TopLine="142"/>
      </Position30>
    </JumpHistory>
  </ProjectOptions>
  <CompilerOptions>
    <Version Value="11"/>
    <SearchPaths>
      <IncludeFiles Value="$(ProjOutDir)"/>
      <OtherUnitFiles Value="/usr/lib/fpc/2.2.4/units/i386-linux/unzip/;synapse"/>
      <UnitOutputDirectory Value="lib/$(TargetCPU)-$(TargetOS)"/>
    </SearchPaths>
    <Parsing>
      <SyntaxOptions>
        <CStyleOperator Value="False"/>
        <UseAnsiStrings Value="False"/>
      </SyntaxOptions>
    </Parsing>
    <Linking>
      <Debugging>
        <GenerateDebugInfo Value="False"/>
        <UseLineInfoUnit Value="False"/>
      </Debugging>
      <Options>
        <Win32>
          <GraphicApplication Value="True"/>
        </Win32>
      </Options>
    </Linking>
    <Other>
      <Verbosity>
        <ShowWarn Value="False"/>
        <ShowNotes Value="False"/>
        <ShowHints Value="False"/>
      </Verbosity>
      <CompilerMessages>
        <UseMsgFile Value="True"/>
      </CompilerMessages>
      <CompilerPath Value="$(CompPath)"/>
    </Other>
  </CompilerOptions>
  <Debugging>
    <Watches Count="1">
      <Item1>
        <Expression Value="xedfpath"/>
      </Item1>
    </Watches>
    <Exceptions Count="2">
      <Item1>
        <Name Value="ECodetoolError"/>
      </Item1>
      <Item2>
        <Name Value="EFOpenError"/>
      </Item2>
    </Exceptions>
  </Debugging>
  <EditorMacros Count="0"/>
</CONFIG>
