<?xml version="1.0"?>
<CONFIG>
  <ProjectOptions>
    <Version Value="7"/>
    <General>
      <MainUnit Value="0"/>
      <TargetFileExt Value=""/>
      <Title Value="Tubes"/>
      <Icon Value="0"/>
      <UseXPManifest Value="True"/>
      <ActiveEditorIndexAtStart Value="1"/>
    </General>
    <i18n>
      <EnableI18N Value="True"/>
      <OutDir Value="languages"/>
    </i18n>
    <VersionInfo>
      <UseVersionInfo Value="True"/>
    </VersionInfo>
    <PublishOptions>
      <Version Value="2"/>
      <IgnoreBinaries Value="False"/>
      <IncludeFileFilter Value="*.(pas|pp|inc|lfm|lpr|lrs|lpi|lpk|sh|xml)"/>
      <ExcludeFileFilter Value="*.(bak|ppu|ppw|o|so);*~;backup"/>
    </PublishOptions>
    <RunParams>
      <local>
        <FormatVersion Value="1"/>
        <LaunchingApplication PathPlusParams="/usr/X11R6/bin/xterm -T 'Lazarus Run Output' -e $(LazarusDir)/tools/runwait.sh $(TargetCmdLine)"/>
      </local>
    </RunParams>
    <RequiredPackages Count="3">
      <Item1>
        <PackageName Value="SynEdit"/>
        <MinVersion Major="1" Valid="True"/>
      </Item1>
      <Item2>
        <PackageName Value="LCL"/>
      </Item2>
      <Item3>
        <PackageName Value="FCL"/>
        <MinVersion Major="1" Valid="True"/>
      </Item3>
    </RequiredPackages>
    <Units Count="13">
      <Unit0>
        <Filename Value="tubes.lpr"/>
        <IsPartOfProject Value="True"/>
        <UnitName Value="tubes"/>
        <CursorPos X="11" Y="2"/>
        <TopLine Value="2"/>
        <EditorIndex Value="0"/>
        <UsageCount Value="200"/>
        <Loaded Value="True"/>
      </Unit0>
      <Unit1>
        <Filename Value="frmmain.pp"/>
        <IsPartOfProject Value="True"/>
        <ComponentName Value="Form1"/>
        <ResourceBaseClass Value="Form"/>
        <UnitName Value="frmmain"/>
        <CursorPos X="56" Y="1283"/>
        <TopLine Value="1277"/>
        <EditorIndex Value="1"/>
        <UsageCount Value="200"/>
        <Loaded Value="True"/>
      </Unit1>
      <Unit2>
        <Filename Value="frmabout.pp"/>
        <IsPartOfProject Value="True"/>
        <ComponentName Value="Form2"/>
        <ResourceBaseClass Value="Form"/>
        <UnitName Value="frmabout"/>
        <CursorPos X="30" Y="90"/>
        <TopLine Value="87"/>
        <EditorIndex Value="2"/>
        <UsageCount Value="200"/>
        <Loaded Value="True"/>
      </Unit2>
      <Unit3>
        <Filename Value="frmhelptext.pp"/>
        <ComponentName Value="Form3"/>
        <UnitName Value="frmhelptext"/>
        <CursorPos X="26" Y="17"/>
        <TopLine Value="17"/>
        <UsageCount Value="5"/>
      </Unit3>
      <Unit4>
        <Filename Value="frmhelppic.pp"/>
        <ComponentName Value="Form4"/>
        <HasResources Value="True"/>
        <ResourceBaseClass Value="Form"/>
        <UnitName Value="frmhelppic"/>
        <CursorPos X="1" Y="4"/>
        <TopLine Value="1"/>
        <UsageCount Value="200"/>
      </Unit4>
      <Unit5>
        <Filename Value="frmsort.pp"/>
        <IsPartOfProject Value="True"/>
        <ComponentName Value="Form5"/>
        <HasResources Value="True"/>
        <ResourceBaseClass Value="Form"/>
        <UnitName Value="frmsort"/>
        <CursorPos X="1" Y="4"/>
        <TopLine Value="1"/>
        <EditorIndex Value="7"/>
        <UsageCount Value="306"/>
        <Loaded Value="True"/>
      </Unit5>
      <Unit6>
        <Filename Value="frmupgrade.pp"/>
        <ComponentName Value="Form6"/>
        <ResourceBaseClass Value="Form"/>
        <UnitName Value="frmupgrade"/>
        <CursorPos X="28" Y="15"/>
        <TopLine Value="1"/>
        <UsageCount Value="326"/>
      </Unit6>
      <Unit7>
        <Filename Value="strconv.pp"/>
        <UnitName Value="strconv"/>
        <CursorPos X="1" Y="4"/>
        <TopLine Value="1"/>
        <UsageCount Value="53"/>
      </Unit7>
      <Unit8>
        <Filename Value="frmparsearch.pp"/>
        <IsPartOfProject Value="True"/>
        <ComponentName Value="Form3"/>
        <HasResources Value="True"/>
        <ResourceBaseClass Value="Form"/>
        <UnitName Value="frmparsearch"/>
        <CursorPos X="1" Y="4"/>
        <TopLine Value="1"/>
        <EditorIndex Value="4"/>
        <UsageCount Value="200"/>
        <Loaded Value="True"/>
      </Unit8>
      <Unit9>
        <Filename Value="frmconfig.pp"/>
        <IsPartOfProject Value="True"/>
        <ComponentName Value="Form7"/>
        <ResourceBaseClass Value="Form"/>
        <UnitName Value="frmconfig"/>
        <CursorPos X="1" Y="122"/>
        <TopLine Value="101"/>
        <EditorIndex Value="3"/>
        <UsageCount Value="179"/>
        <Loaded Value="True"/>
      </Unit9>
      <Unit10>
        <Filename Value="frmtextview.pp"/>
        <IsPartOfProject Value="True"/>
        <ComponentName Value="Form8"/>
        <ResourceBaseClass Value="Form"/>
        <UnitName Value="frmtextview"/>
        <CursorPos X="1" Y="4"/>
        <TopLine Value="4"/>
        <EditorIndex Value="6"/>
        <UsageCount Value="78"/>
        <Loaded Value="True"/>
      </Unit10>
      <Unit11>
        <Filename Value="frmprogressbar.pp"/>
        <IsPartOfProject Value="True"/>
        <ComponentName Value="Form9"/>
        <ResourceBaseClass Value="Form"/>
        <UnitName Value="frmprogressbar"/>
        <CursorPos X="1" Y="4"/>
        <TopLine Value="1"/>
        <EditorIndex Value="5"/>
        <UsageCount Value="44"/>
        <Loaded Value="True"/>
      </Unit11>
      <Unit12>
        <Filename Value="unttranslator.pp"/>
        <UnitName Value="unttranslator"/>
        <CursorPos X="1" Y="1"/>
        <TopLine Value="1"/>
        <EditorIndex Value="8"/>
        <UsageCount Value="10"/>
        <Loaded Value="True"/>
      </Unit12>
    </Units>
    <JumpHistory Count="30" HistoryIndex="29">
      <Position1>
        <Filename Value="frmmain.pp"/>
        <Caret Line="6" Column="37" TopLine="1"/>
      </Position1>
      <Position2>
        <Filename Value="frmmain.pp"/>
        <Caret Line="1259" Column="24" TopLine="1248"/>
      </Position2>
      <Position3>
        <Filename Value="frmmain.pp"/>
        <Caret Line="1261" Column="55" TopLine="1248"/>
      </Position3>
      <Position4>
        <Filename Value="frmmain.pp"/>
        <Caret Line="436" Column="1" TopLine="429"/>
      </Position4>
      <Position5>
        <Filename Value="frmmain.pp"/>
        <Caret Line="462" Column="3" TopLine="459"/>
      </Position5>
      <Position6>
        <Filename Value="frmmain.pp"/>
        <Caret Line="10" Column="29" TopLine="1"/>
      </Position6>
      <Position7>
        <Filename Value="frmmain.pp"/>
        <Caret Line="756" Column="36" TopLine="233"/>
      </Position7>
      <Position8>
        <Filename Value="frmmain.pp"/>
        <Caret Line="245" Column="30" TopLine="237"/>
      </Position8>
      <Position9>
        <Filename Value="frmmain.pp"/>
        <Caret Line="246" Column="30" TopLine="237"/>
      </Position9>
      <Position10>
        <Filename Value="frmmain.pp"/>
        <Caret Line="245" Column="30" TopLine="237"/>
      </Position10>
      <Position11>
        <Filename Value="frmmain.pp"/>
        <Caret Line="247" Column="30" TopLine="237"/>
      </Position11>
      <Position12>
        <Filename Value="frmmain.pp"/>
        <Caret Line="15" Column="30" TopLine="15"/>
      </Position12>
      <Position13>
        <Filename Value="frmmain.pp"/>
        <Caret Line="41" Column="39" TopLine="30"/>
      </Position13>
      <Position14>
        <Filename Value="frmmain.pp"/>
        <Caret Line="184" Column="59" TopLine="173"/>
      </Position14>
      <Position15>
        <Filename Value="frmmain.pp"/>
        <Caret Line="252" Column="30" TopLine="241"/>
      </Position15>
      <Position16>
        <Filename Value="frmmain.pp"/>
        <Caret Line="279" Column="19" TopLine="268"/>
      </Position16>
      <Position17>
        <Filename Value="frmmain.pp"/>
        <Caret Line="307" Column="15" TopLine="296"/>
      </Position17>
      <Position18>
        <Filename Value="frmmain.pp"/>
        <Caret Line="308" Column="19" TopLine="296"/>
      </Position18>
      <Position19>
        <Filename Value="frmmain.pp"/>
        <Caret Line="310" Column="18" TopLine="296"/>
      </Position19>
      <Position20>
        <Filename Value="frmmain.pp"/>
        <Caret Line="313" Column="38" TopLine="296"/>
      </Position20>
      <Position21>
        <Filename Value="frmmain.pp"/>
        <Caret Line="463" Column="65" TopLine="450"/>
      </Position21>
      <Position22>
        <Filename Value="frmmain.pp"/>
        <Caret Line="458" Column="3" TopLine="455"/>
      </Position22>
      <Position23>
        <Filename Value="frmmain.pp"/>
        <Caret Line="4" Column="31" TopLine="1"/>
      </Position23>
      <Position24>
        <Filename Value="frmmain.pp"/>
        <Caret Line="447" Column="54" TopLine="432"/>
      </Position24>
      <Position25>
        <Filename Value="frmmain.pp"/>
        <Caret Line="196" Column="72" TopLine="184"/>
      </Position25>
      <Position26>
        <Filename Value="frmmain.pp"/>
        <Caret Line="169" Column="16" TopLine="155"/>
      </Position26>
      <Position27>
        <Filename Value="frmmain.pp"/>
        <Caret Line="187" Column="14" TopLine="164"/>
      </Position27>
      <Position28>
        <Filename Value="frmmain.pp"/>
        <Caret Line="354" Column="31" TopLine="331"/>
      </Position28>
      <Position29>
        <Filename Value="frmmain.pp"/>
        <Caret Line="396" Column="31" TopLine="373"/>
      </Position29>
      <Position30>
        <Filename Value="frmmain.pp"/>
        <Caret Line="1305" Column="64" TopLine="1282"/>
      </Position30>
    </JumpHistory>
  </ProjectOptions>
  <CompilerOptions>
    <Version Value="8"/>
    <SearchPaths>
      <IncludeFiles Value="$(ProjOutDir)/"/>
      <OtherUnitFiles Value="/usr/lib/fpc/2.2.4/units/i386-linux/unzip/;synapse/"/>
      <UnitOutputDirectory Value="lib/$(TargetCPU)-$(TargetOS)"/>
    </SearchPaths>
    <Parsing>
      <SyntaxOptions>
        <CStyleOperator Value="False"/>
      </SyntaxOptions>
    </Parsing>
    <Linking>
      <Debugging>
        <UseLineInfoUnit Value="False"/>
      </Debugging>
      <Options>
        <Win32>
          <GraphicApplication Value="True"/>
        </Win32>
      </Options>
    </Linking>
    <Other>
      <Verbosity>
        <ShowWarn Value="False"/>
        <ShowNotes Value="False"/>
        <ShowHints Value="False"/>
      </Verbosity>
      <CompilerPath Value="$(CompPath)"/>
    </Other>
  </CompilerOptions>
  <Debugging>
    <Watches Count="1">
      <Item1>
        <Expression Value="xedfpath"/>
      </Item1>
    </Watches>
    <Exceptions Count="2">
      <Item1>
        <Name Value="ECodetoolError"/>
      </Item1>
      <Item2>
        <Name Value="EFOpenError"/>
      </Item2>
    </Exceptions>
  </Debugging>
</CONFIG>
