<?xml version="1.0" encoding="UTF-8"?>
<CONFIG>
  <ProjectOptions>
    <Version Value="9"/>
    <General>
      <MainUnit Value="0"/>
      <Title Value="Tubes2 trial"/>
      <UseAppBundle Value="False"/>
      <UseXPManifest Value="True"/>
      <Icon Value="0"/>
      <ActiveWindowIndexAtStart Value="0"/>
    </General>
    <i18n>
      <EnableI18N Value="True"/>
      <OutDir Value="languages"/>
    </i18n>
    <VersionInfo>
      <UseVersionInfo Value="True"/>
      <MajorVersionNr Value="2"/>
      <MinorVersionNr Value="1"/>
      <StringTable CompanyName="Pozsár Zsolt" FileDescription="Electrontube catalogue - trial version" LegalCopyright="(C)2008-2016 Pozsár Zsolt" ProductName="Tubes2 trial" ProductVersion="2.1"/>
    </VersionInfo>
    <BuildModes Count="1">
      <Item1 Name="default" Default="True"/>
    </BuildModes>
    <PublishOptions>
      <Version Value="2"/>
      <IgnoreBinaries Value="False"/>
      <IncludeFileFilter Value="*.(pas|pp|inc|lfm|lpr|lrs|lpi|lpk|sh|xml)"/>
      <ExcludeFileFilter Value="*.(bak|ppu|ppw|o|so);*~;backup"/>
    </PublishOptions>
    <RunParams>
      <local>
        <FormatVersion Value="1"/>
        <LaunchingApplication PathPlusParams="/usr/X11R6/bin/xterm -T 'Lazarus Run Output' -e $(LazarusDir)/tools/runwait.sh $(TargetCmdLine)"/>
      </local>
    </RunParams>
    <RequiredPackages Count="3">
      <Item1>
        <PackageName Value="SynEdit"/>
        <MinVersion Major="1" Valid="True"/>
      </Item1>
      <Item2>
        <PackageName Value="LCL"/>
      </Item2>
      <Item3>
        <PackageName Value="FCL"/>
        <MinVersion Major="1" Valid="True"/>
      </Item3>
    </RequiredPackages>
    <Units Count="15">
      <Unit0>
        <Filename Value="tubes2trial.lpr"/>
        <IsPartOfProject Value="True"/>
        <UnitName Value="tubes2trial"/>
        <EditorIndex Value="0"/>
        <WindowIndex Value="0"/>
        <TopLine Value="1"/>
        <CursorPos X="15" Y="12"/>
        <UsageCount Value="200"/>
        <Loaded Value="True"/>
        <LoadedDesigner Value="True"/>
      </Unit0>
      <Unit1>
        <Filename Value="frmmain.pp"/>
        <IsPartOfProject Value="True"/>
        <ComponentName Value="Form1"/>
        <HasResources Value="True"/>
        <ResourceBaseClass Value="Form"/>
        <UnitName Value="frmmain"/>
        <IsVisibleTab Value="True"/>
        <EditorIndex Value="1"/>
        <WindowIndex Value="0"/>
        <TopLine Value="193"/>
        <CursorPos X="2" Y="206"/>
        <UsageCount Value="200"/>
        <Loaded Value="True"/>
        <LoadedDesigner Value="True"/>
      </Unit1>
      <Unit2>
        <Filename Value="frmabout.pp"/>
        <IsPartOfProject Value="True"/>
        <ComponentName Value="Form2"/>
        <HasResources Value="True"/>
        <ResourceBaseClass Value="Form"/>
        <UnitName Value="frmabout"/>
        <EditorIndex Value="3"/>
        <WindowIndex Value="0"/>
        <TopLine Value="1"/>
        <CursorPos X="1" Y="7"/>
        <UsageCount Value="200"/>
        <Loaded Value="True"/>
        <LoadedDesigner Value="True"/>
      </Unit2>
      <Unit3>
        <Filename Value="frmhelptext.pp"/>
        <ComponentName Value="Form3"/>
        <UnitName Value="frmhelptext"/>
        <TopLine Value="17"/>
        <CursorPos X="26" Y="17"/>
        <UsageCount Value="5"/>
      </Unit3>
      <Unit4>
        <Filename Value="frmhelppic.pp"/>
        <ComponentName Value="Form4"/>
        <HasResources Value="True"/>
        <ResourceBaseClass Value="Form"/>
        <UnitName Value="frmhelppic"/>
        <TopLine Value="1"/>
        <CursorPos X="1" Y="4"/>
        <UsageCount Value="200"/>
      </Unit4>
      <Unit5>
        <Filename Value="frmsort.pp"/>
        <IsPartOfProject Value="True"/>
        <ComponentName Value="Form5"/>
        <HasResources Value="True"/>
        <ResourceBaseClass Value="Form"/>
        <UnitName Value="frmsort"/>
        <EditorIndex Value="8"/>
        <WindowIndex Value="0"/>
        <TopLine Value="1"/>
        <CursorPos X="1" Y="7"/>
        <UsageCount Value="306"/>
        <Loaded Value="True"/>
        <LoadedDesigner Value="True"/>
      </Unit5>
      <Unit6>
        <Filename Value="frmupgrade.pp"/>
        <IsPartOfProject Value="True"/>
        <ComponentName Value="Form6"/>
        <HasResources Value="True"/>
        <ResourceBaseClass Value="Form"/>
        <UnitName Value="frmupgrade"/>
        <EditorIndex Value="2"/>
        <WindowIndex Value="0"/>
        <TopLine Value="7"/>
        <CursorPos X="1" Y="7"/>
        <UsageCount Value="326"/>
        <Loaded Value="True"/>
        <LoadedDesigner Value="True"/>
      </Unit6>
      <Unit7>
        <Filename Value="strconv.pp"/>
        <UnitName Value="strconv"/>
        <TopLine Value="1"/>
        <CursorPos X="1" Y="4"/>
        <UsageCount Value="53"/>
      </Unit7>
      <Unit8>
        <Filename Value="frmparsearch.pp"/>
        <IsPartOfProject Value="True"/>
        <ComponentName Value="Form3"/>
        <HasResources Value="True"/>
        <ResourceBaseClass Value="Form"/>
        <UnitName Value="frmparsearch"/>
        <EditorIndex Value="5"/>
        <WindowIndex Value="0"/>
        <TopLine Value="1"/>
        <CursorPos X="1" Y="7"/>
        <UsageCount Value="200"/>
        <Loaded Value="True"/>
        <LoadedDesigner Value="True"/>
      </Unit8>
      <Unit9>
        <Filename Value="frmconfig.pp"/>
        <IsPartOfProject Value="True"/>
        <ComponentName Value="Form7"/>
        <HasResources Value="True"/>
        <ResourceBaseClass Value="Form"/>
        <UnitName Value="frmconfig"/>
        <EditorIndex Value="4"/>
        <WindowIndex Value="0"/>
        <TopLine Value="1"/>
        <CursorPos X="1" Y="7"/>
        <UsageCount Value="194"/>
        <Loaded Value="True"/>
        <LoadedDesigner Value="True"/>
      </Unit9>
      <Unit10>
        <Filename Value="frmtextview.pp"/>
        <IsPartOfProject Value="True"/>
        <ComponentName Value="Form8"/>
        <HasResources Value="True"/>
        <ResourceBaseClass Value="Form"/>
        <UnitName Value="frmtextview"/>
        <EditorIndex Value="7"/>
        <WindowIndex Value="0"/>
        <TopLine Value="1"/>
        <CursorPos X="1" Y="7"/>
        <UsageCount Value="93"/>
        <Loaded Value="True"/>
        <LoadedDesigner Value="True"/>
      </Unit10>
      <Unit11>
        <Filename Value="frmprogressbar.pp"/>
        <IsPartOfProject Value="True"/>
        <ComponentName Value="Form9"/>
        <HasResources Value="True"/>
        <ResourceBaseClass Value="Form"/>
        <UnitName Value="frmprogressbar"/>
        <EditorIndex Value="6"/>
        <WindowIndex Value="0"/>
        <TopLine Value="1"/>
        <CursorPos X="1" Y="7"/>
        <UsageCount Value="59"/>
        <Loaded Value="True"/>
        <LoadedDesigner Value="True"/>
      </Unit11>
      <Unit12>
        <Filename Value="unttranslator.pp"/>
        <UnitName Value="unttranslator"/>
        <WindowIndex Value="0"/>
        <TopLine Value="1"/>
        <CursorPos X="1" Y="1"/>
        <UsageCount Value="13"/>
      </Unit12>
      <Unit13>
        <Filename Value="untstrconv.pp"/>
        <UnitName Value="untstrconv"/>
        <EditorIndex Value="9"/>
        <WindowIndex Value="0"/>
        <TopLine Value="1"/>
        <CursorPos X="1" Y="7"/>
        <UsageCount Value="15"/>
        <Loaded Value="True"/>
      </Unit13>
      <Unit14>
        <Filename Value="config.inc"/>
        <WindowIndex Value="0"/>
        <TopLine Value="1"/>
        <CursorPos X="1" Y="7"/>
        <UsageCount Value="12"/>
      </Unit14>
    </Units>
    <JumpHistory Count="30" HistoryIndex="29">
      <Position1>
        <Filename Value="frmmain.pp"/>
        <Caret Line="525" Column="39" TopLine="510"/>
      </Position1>
      <Position2>
        <Filename Value="frmmain.pp"/>
        <Caret Line="528" Column="39" TopLine="510"/>
      </Position2>
      <Position3>
        <Filename Value="frmmain.pp"/>
        <Caret Line="858" Column="25" TopLine="833"/>
      </Position3>
      <Position4>
        <Filename Value="frmmain.pp"/>
        <Caret Line="861" Column="25" TopLine="836"/>
      </Position4>
      <Position5>
        <Filename Value="frmmain.pp"/>
        <Caret Line="764" Column="37" TopLine="1"/>
      </Position5>
      <Position6>
        <Filename Value="frmmain.pp"/>
        <Caret Line="11" Column="47" TopLine="1"/>
      </Position6>
      <Position7>
        <Filename Value="frmmain.pp"/>
        <Caret Line="7" Column="1" TopLine="1"/>
      </Position7>
      <Position8>
        <Filename Value="frmmain.pp"/>
        <Caret Line="190" Column="1" TopLine="165"/>
      </Position8>
      <Position9>
        <Filename Value="frmmain.pp"/>
        <Caret Line="1152" Column="34" TopLine="1138"/>
      </Position9>
      <Position10>
        <Filename Value="frmconfig.pp"/>
        <Caret Line="7" Column="1" TopLine="1"/>
      </Position10>
      <Position11>
        <Filename Value="frmmain.pp"/>
        <Caret Line="1457" Column="54" TopLine="1447"/>
      </Position11>
      <Position12>
        <Filename Value="frmupgrade.pp"/>
        <Caret Line="15" Column="28" TopLine="1"/>
      </Position12>
      <Position13>
        <Filename Value="frmmain.pp"/>
        <Caret Line="175" Column="16" TopLine="154"/>
      </Position13>
      <Position14>
        <Filename Value="frmupgrade.pp"/>
        <Caret Line="46" Column="15" TopLine="33"/>
      </Position14>
      <Position15>
        <Filename Value="frmupgrade.pp"/>
        <Caret Line="135" Column="1" TopLine="95"/>
      </Position15>
      <Position16>
        <Filename Value="frmmain.pp"/>
        <Caret Line="59" Column="19" TopLine="53"/>
      </Position16>
      <Position17>
        <Filename Value="frmmain.pp"/>
        <Caret Line="7" Column="1" TopLine="1"/>
      </Position17>
      <Position18>
        <Filename Value="frmmain.pp"/>
        <Caret Line="781" Column="3" TopLine="1"/>
      </Position18>
      <Position19>
        <Filename Value="frmmain.pp"/>
        <Caret Line="7" Column="1" TopLine="1"/>
      </Position19>
      <Position20>
        <Filename Value="frmmain.pp"/>
        <Caret Line="863" Column="38" TopLine="850"/>
      </Position20>
      <Position21>
        <Filename Value="frmmain.pp"/>
        <Caret Line="10" Column="43" TopLine="1"/>
      </Position21>
      <Position22>
        <Filename Value="frmmain.pp"/>
        <Caret Line="851" Column="38" TopLine="836"/>
      </Position22>
      <Position23>
        <Filename Value="frmmain.pp"/>
        <Caret Line="1374" Column="1" TopLine="1355"/>
      </Position23>
      <Position24>
        <Filename Value="frmmain.pp"/>
        <Caret Line="12" Column="34" TopLine="1"/>
      </Position24>
      <Position25>
        <Filename Value="frmmain.pp"/>
        <Caret Line="857" Column="24" TopLine="854"/>
      </Position25>
      <Position26>
        <Filename Value="frmmain.pp"/>
        <Caret Line="1389" Column="9" TopLine="1366"/>
      </Position26>
      <Position27>
        <Filename Value="frmmain.pp"/>
        <Caret Line="1556" Column="43" TopLine="1535"/>
      </Position27>
      <Position28>
        <Filename Value="frmmain.pp"/>
        <Caret Line="1559" Column="43" TopLine="1538"/>
      </Position28>
      <Position29>
        <Filename Value="frmmain.pp"/>
        <Caret Line="298" Column="90" TopLine="288"/>
      </Position29>
      <Position30>
        <Filename Value="frmmain.pp"/>
        <Caret Line="7" Column="1" TopLine="1"/>
      </Position30>
    </JumpHistory>
  </ProjectOptions>
  <CompilerOptions>
    <Version Value="11"/>
    <SearchPaths>
      <IncludeFiles Value="$(ProjOutDir)"/>
      <OtherUnitFiles Value="/usr/lib/fpc/2.2.4/units/i386-linux/unzip/;synapse"/>
      <UnitOutputDirectory Value="lib/$(TargetCPU)-$(TargetOS)"/>
    </SearchPaths>
    <Parsing>
      <SyntaxOptions>
        <CStyleOperator Value="False"/>
        <UseAnsiStrings Value="False"/>
      </SyntaxOptions>
    </Parsing>
    <Linking>
      <Debugging>
        <GenerateDebugInfo Value="False"/>
        <UseLineInfoUnit Value="False"/>
      </Debugging>
      <Options>
        <Win32>
          <GraphicApplication Value="True"/>
        </Win32>
      </Options>
    </Linking>
    <Other>
      <Verbosity>
        <ShowWarn Value="False"/>
        <ShowNotes Value="False"/>
        <ShowHints Value="False"/>
      </Verbosity>
      <CompilerMessages>
        <UseMsgFile Value="True"/>
      </CompilerMessages>
      <CompilerPath Value="$(CompPath)"/>
    </Other>
  </CompilerOptions>
  <Debugging>
    <Watches Count="1">
      <Item1>
        <Expression Value="xedfpath"/>
      </Item1>
    </Watches>
    <Exceptions Count="2">
      <Item1>
        <Name Value="ECodetoolError"/>
      </Item1>
      <Item2>
        <Name Value="EFOpenError"/>
      </Item2>
    </Exceptions>
  </Debugging>
  <EditorMacros Count="0"/>
</CONFIG>
